
Microsoft Visual Studio Solution File, Format Version 12.00
# Visual Studio Version 16
VisualStudioVersion = 16.0.29411.108
MinimumVisualStudioVersion = 10.0.40219.1
Project("{FAE04EC0-301F-11D3-BF4B-00C04F79EFBC}") = "MonoCycle", "MonoCycle\MonoCycle.csproj", "{42E9A954-0D60-4BA0-A8C6-1B0EED85A5B9}"
EndProject
Global
	GlobalSection(SolutionConfigurationPlatforms) = preSolution
		Debug|Any CPU = Debug|Any CPU
		Release|Any CPU = Release|Any CPU
	EndGlobalSection
	GlobalSection(ProjectConfigurationPlatforms) = postSolution
		{42E9A954-0D60-4BA0-A8C6-1B0EED85A5B9}.Debug|Any CPU.ActiveCfg = Debug|Any CPU
		{42E9A954-0D60-4BA0-A8C6-1B0EED85A5B9}.Debug|Any CPU.Build.0 = Debug|Any CPU
		{42E9A954-0D60-4BA0-A8C6-1B0EED85A5B9}.Release|Any CPU.ActiveCfg = Release|Any CPU
		{42E9A954-0D60-4BA0-A8C6-1B0EED85A5B9}.Release|Any CPU.Build.0 = Release|Any CPU
	EndGlobalSection
	GlobalSection(SolutionProperties) = preSolution
		HideSolutionNode = FALSE
	EndGlobalSection
	GlobalSection(ExtensibilityGlobals) = postSolution
		SolutionGuid = {F753A515-1474-4251-919A-D43D0FB4E03B}
	EndGlobalSection
EndGlobal
